
Microsoft Visual Studio Solution File, Format Version 10.00
# Visual Studio 2008
Project("{FAE04EC0-301F-11D3-BF4B-00C04F79EFBC}") = "DoctorDisplay", "DoctorDisplay.csproj", "{1477DE21-2ABC-4C35-A1DA-4C98DB1A1511}"
EndProject
Project("{FAE04EC0-301F-11D3-BF4B-00C04F79EFBC}") = "PatientDisplay", "..\Patient\PatientDisplay.csproj", "{22525976-DB86-4B75-B984-C055A2684D0F}"
EndProject
Project("{8BC9CEB8-8B4A-11D0-8D11-00A0C91BC942}") = "XYNTService", "..\XYNTServiceProject\XYNTService.vcproj", "{D74BC924-2842-4055-8136-74D3F14941D4}"
EndProject
Global
	GlobalSection(SolutionConfigurationPlatforms) = preSolution
		Debug|Any CPU = Debug|Any CPU
		Debug|Mixed Platforms = Debug|Mixed Platforms
		Debug|Win32 = Debug|Win32
		Release|Any CPU = Release|Any CPU
		Release|Mixed Platforms = Release|Mixed Platforms
		Release|Win32 = Release|Win32
	EndGlobalSection
	GlobalSection(ProjectConfigurationPlatforms) = postSolution
		{1477DE21-2ABC-4C35-A1DA-4C98DB1A1511}.Debug|Any CPU.ActiveCfg = Release|Any CPU
		{1477DE21-2ABC-4C35-A1DA-4C98DB1A1511}.Debug|Any CPU.Build.0 = Release|Any CPU
		{1477DE21-2ABC-4C35-A1DA-4C98DB1A1511}.Debug|Mixed Platforms.ActiveCfg = Debug|Any CPU
		{1477DE21-2ABC-4C35-A1DA-4C98DB1A1511}.Debug|Mixed Platforms.Build.0 = Debug|Any CPU
		{1477DE21-2ABC-4C35-A1DA-4C98DB1A1511}.Debug|Win32.ActiveCfg = Debug|Any CPU
		{1477DE21-2ABC-4C35-A1DA-4C98DB1A1511}.Release|Any CPU.ActiveCfg = Release|Any CPU
		{1477DE21-2ABC-4C35-A1DA-4C98DB1A1511}.Release|Any CPU.Build.0 = Release|Any CPU
		{1477DE21-2ABC-4C35-A1DA-4C98DB1A1511}.Release|Mixed Platforms.ActiveCfg = Release|Any CPU
		{1477DE21-2ABC-4C35-A1DA-4C98DB1A1511}.Release|Mixed Platforms.Build.0 = Release|Any CPU
		{1477DE21-2ABC-4C35-A1DA-4C98DB1A1511}.Release|Win32.ActiveCfg = Release|Any CPU
		{22525976-DB86-4B75-B984-C055A2684D0F}.Debug|Any CPU.ActiveCfg = Debug|Any CPU
		{22525976-DB86-4B75-B984-C055A2684D0F}.Debug|Any CPU.Build.0 = Debug|Any CPU
		{22525976-DB86-4B75-B984-C055A2684D0F}.Debug|Mixed Platforms.ActiveCfg = Debug|Any CPU
		{22525976-DB86-4B75-B984-C055A2684D0F}.Debug|Mixed Platforms.Build.0 = Debug|Any CPU
		{22525976-DB86-4B75-B984-C055A2684D0F}.Debug|Win32.ActiveCfg = Debug|Any CPU
		{22525976-DB86-4B75-B984-C055A2684D0F}.Release|Any CPU.ActiveCfg = Release|Any CPU
		{22525976-DB86-4B75-B984-C055A2684D0F}.Release|Any CPU.Build.0 = Release|Any CPU
		{22525976-DB86-4B75-B984-C055A2684D0F}.Release|Mixed Platforms.ActiveCfg = Release|Any CPU
		{22525976-DB86-4B75-B984-C055A2684D0F}.Release|Mixed Platforms.Build.0 = Release|Any CPU
		{22525976-DB86-4B75-B984-C055A2684D0F}.Release|Win32.ActiveCfg = Release|Any CPU
		{D74BC924-2842-4055-8136-74D3F14941D4}.Debug|Any CPU.ActiveCfg = Debug|Win32
		{D74BC924-2842-4055-8136-74D3F14941D4}.Debug|Mixed Platforms.ActiveCfg = Debug|Win32
		{D74BC924-2842-4055-8136-74D3F14941D4}.Debug|Mixed Platforms.Build.0 = Debug|Win32
		{D74BC924-2842-4055-8136-74D3F14941D4}.Debug|Win32.ActiveCfg = Debug|Win32
		{D74BC924-2842-4055-8136-74D3F14941D4}.Debug|Win32.Build.0 = Debug|Win32
		{D74BC924-2842-4055-8136-74D3F14941D4}.Release|Any CPU.ActiveCfg = Release|Win32
		{D74BC924-2842-4055-8136-74D3F14941D4}.Release|Mixed Platforms.ActiveCfg = Release|Win32
		{D74BC924-2842-4055-8136-74D3F14941D4}.Release|Mixed Platforms.Build.0 = Release|Win32
		{D74BC924-2842-4055-8136-74D3F14941D4}.Release|Win32.ActiveCfg = Release|Win32
		{D74BC924-2842-4055-8136-74D3F14941D4}.Release|Win32.Build.0 = Release|Win32
	EndGlobalSection
	GlobalSection(SolutionProperties) = preSolution
		HideSolutionNode = FALSE
	EndGlobalSection
EndGlobal
