
Microsoft Visual Studio Solution File, Format Version 10.00
# Visual Studio 2008
Project("{FAE04EC0-301F-11D3-BF4B-00C04F79EFBC}") = "PatientDisplay", "Patient\PatientDisplay.csproj", "{22525976-DB86-4B75-B984-C055A2684D0F}"
	ProjectSection(ProjectDependencies) = postProject
		{D74BC924-2842-4055-8136-74D3F14941D4} = {D74BC924-2842-4055-8136-74D3F14941D4}
	EndProjectSection
EndProject
Project("{FAE04EC0-301F-11D3-BF4B-00C04F79EFBC}") = "DoctorDisplay", "Doctor\DoctorDisplay.csproj", "{1477DE21-2ABC-4C35-A1DA-4C98DB1A1511}"
EndProject
Project("{8BC9CEB8-8B4A-11D0-8D11-00A0C91BC942}") = "XYNTService", "PatientSrv\XYNTService.vcproj", "{D74BC924-2842-4055-8136-74D3F14941D4}"
EndProject
Global
	GlobalSection(SolutionConfigurationPlatforms) = preSolution
		Debug|Mixed Platforms = Debug|Mixed Platforms
		Debug|Win32 = Debug|Win32
		Debug|x64 = Debug|x64
		Debug|x86 = Debug|x86
		Release|Mixed Platforms = Release|Mixed Platforms
		Release|Win32 = Release|Win32
		Release|x64 = Release|x64
		Release|x86 = Release|x86
	EndGlobalSection
	GlobalSection(ProjectConfigurationPlatforms) = postSolution
		{22525976-DB86-4B75-B984-C055A2684D0F}.Debug|Mixed Platforms.ActiveCfg = Debug|x64
		{22525976-DB86-4B75-B984-C055A2684D0F}.Debug|Mixed Platforms.Build.0 = Debug|x64
		{22525976-DB86-4B75-B984-C055A2684D0F}.Debug|Win32.ActiveCfg = Debug|x86
		{22525976-DB86-4B75-B984-C055A2684D0F}.Debug|Win32.Build.0 = Debug|x86
		{22525976-DB86-4B75-B984-C055A2684D0F}.Debug|x64.ActiveCfg = Debug|x64
		{22525976-DB86-4B75-B984-C055A2684D0F}.Debug|x64.Build.0 = Debug|x64
		{22525976-DB86-4B75-B984-C055A2684D0F}.Debug|x86.ActiveCfg = Debug|x86
		{22525976-DB86-4B75-B984-C055A2684D0F}.Debug|x86.Build.0 = Debug|x86
		{22525976-DB86-4B75-B984-C055A2684D0F}.Release|Mixed Platforms.ActiveCfg = Release|x86
		{22525976-DB86-4B75-B984-C055A2684D0F}.Release|Mixed Platforms.Build.0 = Release|x86
		{22525976-DB86-4B75-B984-C055A2684D0F}.Release|Win32.ActiveCfg = Release|x86
		{22525976-DB86-4B75-B984-C055A2684D0F}.Release|Win32.Build.0 = Release|x86
		{22525976-DB86-4B75-B984-C055A2684D0F}.Release|x64.ActiveCfg = Release|x64
		{22525976-DB86-4B75-B984-C055A2684D0F}.Release|x64.Build.0 = Release|x64
		{22525976-DB86-4B75-B984-C055A2684D0F}.Release|x86.ActiveCfg = Release|x86
		{22525976-DB86-4B75-B984-C055A2684D0F}.Release|x86.Build.0 = Release|x86
		{1477DE21-2ABC-4C35-A1DA-4C98DB1A1511}.Debug|Mixed Platforms.ActiveCfg = Debug|Any CPU
		{1477DE21-2ABC-4C35-A1DA-4C98DB1A1511}.Debug|Mixed Platforms.Build.0 = Debug|Any CPU
		{1477DE21-2ABC-4C35-A1DA-4C98DB1A1511}.Debug|Win32.ActiveCfg = Debug|x86
		{1477DE21-2ABC-4C35-A1DA-4C98DB1A1511}.Debug|Win32.Build.0 = Debug|x86
		{1477DE21-2ABC-4C35-A1DA-4C98DB1A1511}.Debug|x64.ActiveCfg = Debug|x64
		{1477DE21-2ABC-4C35-A1DA-4C98DB1A1511}.Debug|x64.Build.0 = Debug|x64
		{1477DE21-2ABC-4C35-A1DA-4C98DB1A1511}.Debug|x86.ActiveCfg = Debug|x86
		{1477DE21-2ABC-4C35-A1DA-4C98DB1A1511}.Release|Mixed Platforms.ActiveCfg = Release|x86
		{1477DE21-2ABC-4C35-A1DA-4C98DB1A1511}.Release|Mixed Platforms.Build.0 = Release|x86
		{1477DE21-2ABC-4C35-A1DA-4C98DB1A1511}.Release|Win32.ActiveCfg = Release|x86
		{1477DE21-2ABC-4C35-A1DA-4C98DB1A1511}.Release|x64.ActiveCfg = Release|x64
		{1477DE21-2ABC-4C35-A1DA-4C98DB1A1511}.Release|x64.Build.0 = Release|x64
		{1477DE21-2ABC-4C35-A1DA-4C98DB1A1511}.Release|x86.ActiveCfg = Release|x64
		{D74BC924-2842-4055-8136-74D3F14941D4}.Debug|Mixed Platforms.ActiveCfg = Debug|Win32
		{D74BC924-2842-4055-8136-74D3F14941D4}.Debug|Mixed Platforms.Build.0 = Debug|Win32
		{D74BC924-2842-4055-8136-74D3F14941D4}.Debug|Win32.ActiveCfg = Debug|Win32
		{D74BC924-2842-4055-8136-74D3F14941D4}.Debug|Win32.Build.0 = Debug|Win32
		{D74BC924-2842-4055-8136-74D3F14941D4}.Debug|x64.ActiveCfg = Debug|Win32
		{D74BC924-2842-4055-8136-74D3F14941D4}.Debug|x86.ActiveCfg = Debug|Win32
		{D74BC924-2842-4055-8136-74D3F14941D4}.Release|Mixed Platforms.ActiveCfg = Release|Win32
		{D74BC924-2842-4055-8136-74D3F14941D4}.Release|Mixed Platforms.Build.0 = Release|Win32
		{D74BC924-2842-4055-8136-74D3F14941D4}.Release|Win32.ActiveCfg = Release|Win32
		{D74BC924-2842-4055-8136-74D3F14941D4}.Release|Win32.Build.0 = Release|Win32
		{D74BC924-2842-4055-8136-74D3F14941D4}.Release|x64.ActiveCfg = Release|Win32
		{D74BC924-2842-4055-8136-74D3F14941D4}.Release|x86.ActiveCfg = Release|Win32
	EndGlobalSection
	GlobalSection(SolutionProperties) = preSolution
		HideSolutionNode = FALSE
	EndGlobalSection
EndGlobal
